// !$*UTF8*$!
{
	archiveVersion = 1;
	classes = {
	};
	objectVersion = 55;
	objects = {

/* Begin PBXBuildFile section */
		5A12405B269D187D00E45FFB /* SwiftVISAMessengerApp.swift in Sources */ = {isa = PBXBuildFile; fileRef = 5A12405A269D187D00E45FFB /* SwiftVISAMessengerApp.swift */; };
		5A12405D269D187D00E45FFB /* ContentView.swift in Sources */ = {isa = PBXBuildFile; fileRef = 5A12405C269D187D00E45FFB /* ContentView.swift */; };
		5A12405F269D187E00E45FFB /* Assets.xcassets in Resources */ = {isa = PBXBuildFile; fileRef = 5A12405E269D187E00E45FFB /* Assets.xcassets */; };
		5A124062269D187E00E45FFB /* Preview Assets.xcassets in Resources */ = {isa = PBXBuildFile; fileRef = 5A124061269D187E00E45FFB /* Preview Assets.xcassets */; };
		5A12406C269D187E00E45FFB /* SwiftVISAMessengerTests.swift in Sources */ = {isa = PBXBuildFile; fileRef = 5A12406B269D187E00E45FFB /* SwiftVISAMessengerTests.swift */; };
		5A124076269D187E00E45FFB /* SwiftVISAMessengerUITests.swift in Sources */ = {isa = PBXBuildFile; fileRef = 5A124075269D187E00E45FFB /* SwiftVISAMessengerUITests.swift */; };
		5A124084269D19B600E45FFB /* SwiftVISASwift in Frameworks */ = {isa = PBXBuildFile; productRef = 5A124083269D19B600E45FFB /* SwiftVISASwift */; };
		5AA67655269D45690075C743 /* SeeayaUI in Frameworks */ = {isa = PBXBuildFile; productRef = 5AA67654269D45690075C743 /* SeeayaUI */; };
		5AA67657269D58BD0075C743 /* QueryView.swift in Sources */ = {isa = PBXBuildFile; fileRef = 5AA67656269D58BD0075C743 /* QueryView.swift */; };
		5AA67659269D593B0075C743 /* MockInstrument.swift in Sources */ = {isa = PBXBuildFile; fileRef = 5AA67658269D593B0075C743 /* MockInstrument.swift */; };
		5AB2C061269D88B200952B86 /* InstrumentAttributeEditor.swift in Sources */ = {isa = PBXBuildFile; fileRef = 5AB2C060269D88B200952B86 /* InstrumentAttributeEditor.swift */; };
		5AB2C063269D94B600952B86 /* StringEscaping.swift in Sources */ = {isa = PBXBuildFile; fileRef = 5AB2C062269D94B600952B86 /* StringEscaping.swift */; };
/* End PBXBuildFile section */

/* Begin PBXContainerItemProxy section */
		5A124068269D187E00E45FFB /* PBXContainerItemProxy */ = {
			isa = PBXContainerItemProxy;
			containerPortal = 5A12404F269D187C00E45FFB /* Project object */;
			proxyType = 1;
			remoteGlobalIDString = 5A124056269D187D00E45FFB;
			remoteInfo = SwiftVISAMessenger;
		};
		5A124072269D187E00E45FFB /* PBXContainerItemProxy */ = {
			isa = PBXContainerItemProxy;
			containerPortal = 5A12404F269D187C00E45FFB /* Project object */;
			proxyType = 1;
			remoteGlobalIDString = 5A124056269D187D00E45FFB;
			remoteInfo = SwiftVISAMessenger;
		};
/* End PBXContainerItemProxy section */

/* Begin PBXFileReference section */
		5A124057269D187D00E45FFB /* SwiftVISAMessenger.app */ = {isa = PBXFileReference; explicitFileType = wrapper.application; includeInIndex = 0; path = SwiftVISAMessenger.app; sourceTree = BUILT_PRODUCTS_DIR; };
		5A12405A269D187D00E45FFB /* SwiftVISAMessengerApp.swift */ = {isa = PBXFileReference; lastKnownFileType = sourcecode.swift; path = SwiftVISAMessengerApp.swift; sourceTree = "<group>"; };
		5A12405C269D187D00E45FFB /* ContentView.swift */ = {isa = PBXFileReference; lastKnownFileType = sourcecode.swift; path = ContentView.swift; sourceTree = "<group>"; };
		5A12405E269D187E00E45FFB /* Assets.xcassets */ = {isa = PBXFileReference; lastKnownFileType = folder.assetcatalog; path = Assets.xcassets; sourceTree = "<group>"; };
		5A124061269D187E00E45FFB /* Preview Assets.xcassets */ = {isa = PBXFileReference; lastKnownFileType = folder.assetcatalog; path = "Preview Assets.xcassets"; sourceTree = "<group>"; };
		5A124067269D187E00E45FFB /* SwiftVISAMessengerTests.xctest */ = {isa = PBXFileReference; explicitFileType = wrapper.cfbundle; includeInIndex = 0; path = SwiftVISAMessengerTests.xctest; sourceTree = BUILT_PRODUCTS_DIR; };
		5A12406B269D187E00E45FFB /* SwiftVISAMessengerTests.swift */ = {isa = PBXFileReference; lastKnownFileType = sourcecode.swift; path = SwiftVISAMessengerTests.swift; sourceTree = "<group>"; };
		5A124071269D187E00E45FFB /* SwiftVISAMessengerUITests.xctest */ = {isa = PBXFileReference; explicitFileType = wrapper.cfbundle; includeInIndex = 0; path = SwiftVISAMessengerUITests.xctest; sourceTree = BUILT_PRODUCTS_DIR; };
		5A124075269D187E00E45FFB /* SwiftVISAMessengerUITests.swift */ = {isa = PBXFileReference; lastKnownFileType = sourcecode.swift; path = SwiftVISAMessengerUITests.swift; sourceTree = "<group>"; };
		5A9F8A3A269D44B0002442D6 /* Info.plist */ = {isa = PBXFileReference; lastKnownFileType = text.plist; path = Info.plist; sourceTree = "<group>"; };
		5AA67656269D58BD0075C743 /* QueryView.swift */ = {isa = PBXFileReference; lastKnownFileType = sourcecode.swift; path = QueryView.swift; sourceTree = "<group>"; };
		5AA67658269D593B0075C743 /* MockInstrument.swift */ = {isa = PBXFileReference; lastKnownFileType = sourcecode.swift; path = MockInstrument.swift; sourceTree = "<group>"; };
		5AA6765A269D63770075C743 /* SwiftVISAMessenger.entitlements */ = {isa = PBXFileReference; lastKnownFileType = text.plist.entitlements; path = SwiftVISAMessenger.entitlements; sourceTree = "<group>"; };
		5AB2C060269D88B200952B86 /* InstrumentAttributeEditor.swift */ = {isa = PBXFileReference; lastKnownFileType = sourcecode.swift; path = InstrumentAttributeEditor.swift; sourceTree = "<group>"; };
		5AB2C062269D94B600952B86 /* StringEscaping.swift */ = {isa = PBXFileReference; lastKnownFileType = sourcecode.swift; path = StringEscaping.swift; sourceTree = "<group>"; };
/* End PBXFileReference section */

/* Begin PBXFrameworksBuildPhase section */
		5A124054269D187D00E45FFB /* Frameworks */ = {
			isa = PBXFrameworksBuildPhase;
			buildActionMask = 2147483647;
			files = (
				5AA67655269D45690075C743 /* SeeayaUI in Frameworks */,
				5A124084269D19B600E45FFB /* SwiftVISASwift in Frameworks */,
			);
			runOnlyForDeploymentPostprocessing = 0;
		};
		5A124064269D187E00E45FFB /* Frameworks */ = {
			isa = PBXFrameworksBuildPhase;
			buildActionMask = 2147483647;
			files = (
			);
			runOnlyForDeploymentPostprocessing = 0;
		};
		5A12406E269D187E00E45FFB /* Frameworks */ = {
			isa = PBXFrameworksBuildPhase;
			buildActionMask = 2147483647;
			files = (
			);
			runOnlyForDeploymentPostprocessing = 0;
		};
/* End PBXFrameworksBuildPhase section */

/* Begin PBXGroup section */
		5A12404E269D187C00E45FFB = {
			isa = PBXGroup;
			children = (
				5A124059269D187D00E45FFB /* SwiftVISAMessenger */,
				5A12406A269D187E00E45FFB /* SwiftVISAMessengerTests */,
				5A124074269D187E00E45FFB /* SwiftVISAMessengerUITests */,
				5A124058269D187D00E45FFB /* Products */,
			);
			sourceTree = "<group>";
		};
		5A124058269D187D00E45FFB /* Products */ = {
			isa = PBXGroup;
			children = (
				5A124057269D187D00E45FFB /* SwiftVISAMessenger.app */,
				5A124067269D187E00E45FFB /* SwiftVISAMessengerTests.xctest */,
				5A124071269D187E00E45FFB /* SwiftVISAMessengerUITests.xctest */,
			);
			name = Products;
			sourceTree = "<group>";
		};
		5A124059269D187D00E45FFB /* SwiftVISAMessenger */ = {
			isa = PBXGroup;
			children = (
				5AA6765A269D63770075C743 /* SwiftVISAMessenger.entitlements */,
				5A9F8A3A269D44B0002442D6 /* Info.plist */,
				5A12405A269D187D00E45FFB /* SwiftVISAMessengerApp.swift */,
				5A12405C269D187D00E45FFB /* ContentView.swift */,
				5AA67656269D58BD0075C743 /* QueryView.swift */,
				5AA67658269D593B0075C743 /* MockInstrument.swift */,
				5AB2C060269D88B200952B86 /* InstrumentAttributeEditor.swift */,
				5AB2C062269D94B600952B86 /* StringEscaping.swift */,
				5A12405E269D187E00E45FFB /* Assets.xcassets */,
				5A124060269D187E00E45FFB /* Preview Content */,
			);
			path = SwiftVISAMessenger;
			sourceTree = "<group>";
		};
		5A124060269D187E00E45FFB /* Preview Content */ = {
			isa = PBXGroup;
			children = (
				5A124061269D187E00E45FFB /* Preview Assets.xcassets */,
			);
			path = "Preview Content";
			sourceTree = "<group>";
		};
		5A12406A269D187E00E45FFB /* SwiftVISAMessengerTests */ = {
			isa = PBXGroup;
			children = (
				5A12406B269D187E00E45FFB /* SwiftVISAMessengerTests.swift */,
			);
			path = SwiftVISAMessengerTests;
			sourceTree = "<group>";
		};
		5A124074269D187E00E45FFB /* SwiftVISAMessengerUITests */ = {
			isa = PBXGroup;
			children = (
				5A124075269D187E00E45FFB /* SwiftVISAMessengerUITests.swift */,
			);
			path = SwiftVISAMessengerUITests;
			sourceTree = "<group>";
		};
/* End PBXGroup section */

/* Begin PBXNativeTarget section */
		5A124056269D187D00E45FFB /* SwiftVISAMessenger */ = {
			isa = PBXNativeTarget;
			buildConfigurationList = 5A124079269D187E00E45FFB /* Build configuration list for PBXNativeTarget "SwiftVISAMessenger" */;
			buildPhases = (
				5A124053269D187D00E45FFB /* Sources */,
				5A124054269D187D00E45FFB /* Frameworks */,
				5A124055269D187D00E45FFB /* Resources */,
			);
			buildRules = (
			);
			dependencies = (
			);
			name = SwiftVISAMessenger;
			packageProductDependencies = (
				5A124083269D19B600E45FFB /* SwiftVISASwift */,
				5AA67654269D45690075C743 /* SeeayaUI */,
			);
			productName = SwiftVISAMessenger;
			productReference = 5A124057269D187D00E45FFB /* SwiftVISAMessenger.app */;
			productType = "com.apple.product-type.application";
		};
		5A124066269D187E00E45FFB /* SwiftVISAMessengerTests */ = {
			isa = PBXNativeTarget;
			buildConfigurationList = 5A12407C269D187E00E45FFB /* Build configuration list for PBXNativeTarget "SwiftVISAMessengerTests" */;
			buildPhases = (
				5A124063269D187E00E45FFB /* Sources */,
				5A124064269D187E00E45FFB /* Frameworks */,
				5A124065269D187E00E45FFB /* Resources */,
			);
			buildRules = (
			);
			dependencies = (
				5A124069269D187E00E45FFB /* PBXTargetDependency */,
			);
			name = SwiftVISAMessengerTests;
			productName = SwiftVISAMessengerTests;
			productReference = 5A124067269D187E00E45FFB /* SwiftVISAMessengerTests.xctest */;
			productType = "com.apple.product-type.bundle.unit-test";
		};
		5A124070269D187E00E45FFB /* SwiftVISAMessengerUITests */ = {
			isa = PBXNativeTarget;
			buildConfigurationList = 5A12407F269D187E00E45FFB /* Build configuration list for PBXNativeTarget "SwiftVISAMessengerUITests" */;
			buildPhases = (
				5A12406D269D187E00E45FFB /* Sources */,
				5A12406E269D187E00E45FFB /* Frameworks */,
				5A12406F269D187E00E45FFB /* Resources */,
			);
			buildRules = (
			);
			dependencies = (
				5A124073269D187E00E45FFB /* PBXTargetDependency */,
			);
			name = SwiftVISAMessengerUITests;
			productName = SwiftVISAMessengerUITests;
			productReference = 5A124071269D187E00E45FFB /* SwiftVISAMessengerUITests.xctest */;
			productType = "com.apple.product-type.bundle.ui-testing";
		};
/* End PBXNativeTarget section */

/* Begin PBXProject section */
		5A12404F269D187C00E45FFB /* Project object */ = {
			isa = PBXProject;
			attributes = {
				BuildIndependentTargetsInParallel = 1;
				LastSwiftUpdateCheck = 1300;
				LastUpgradeCheck = 1300;
				TargetAttributes = {
					5A124056269D187D00E45FFB = {
						CreatedOnToolsVersion = 13.0;
					};
					5A124066269D187E00E45FFB = {
						CreatedOnToolsVersion = 13.0;
						TestTargetID = 5A124056269D187D00E45FFB;
					};
					5A124070269D187E00E45FFB = {
						CreatedOnToolsVersion = 13.0;
						TestTargetID = 5A124056269D187D00E45FFB;
					};
				};
			};
			buildConfigurationList = 5A124052269D187C00E45FFB /* Build configuration list for PBXProject "SwiftVISAMessenger" */;
			compatibilityVersion = "Xcode 13.0";
			developmentRegion = en;
			hasScannedForEncodings = 0;
			knownRegions = (
				en,
				Base,
			);
			mainGroup = 5A12404E269D187C00E45FFB;
			packageReferences = (
				5A124082269D19B600E45FFB /* XCRemoteSwiftPackageReference "SwiftVISASwift" */,
				5AA67653269D45690075C743 /* XCRemoteSwiftPackageReference "SeeayaUI" */,
			);
			productRefGroup = 5A124058269D187D00E45FFB /* Products */;
			projectDirPath = "";
			projectRoot = "";
			targets = (
				5A124056269D187D00E45FFB /* SwiftVISAMessenger */,
				5A124066269D187E00E45FFB /* SwiftVISAMessengerTests */,
				5A124070269D187E00E45FFB /* SwiftVISAMessengerUITests */,
			);
		};
/* End PBXProject section */

/* Begin PBXResourcesBuildPhase section */
		5A124055269D187D00E45FFB /* Resources */ = {
			isa = PBXResourcesBuildPhase;
			buildActionMask = 2147483647;
			files = (
				5A124062269D187E00E45FFB /* Preview Assets.xcassets in Resources */,
				5A12405F269D187E00E45FFB /* Assets.xcassets in Resources */,
			);
			runOnlyForDeploymentPostprocessing = 0;
		};
		5A124065269D187E00E45FFB /* Resources */ = {
			isa = PBXResourcesBuildPhase;
			buildActionMask = 2147483647;
			files = (
			);
			runOnlyForDeploymentPostprocessing = 0;
		};
		5A12406F269D187E00E45FFB /* Resources */ = {
			isa = PBXResourcesBuildPhase;
			buildActionMask = 2147483647;
			files = (
			);
			runOnlyForDeploymentPostprocessing = 0;
		};
/* End PBXResourcesBuildPhase section */

/* Begin PBXSourcesBuildPhase section */
		5A124053269D187D00E45FFB /* Sources */ = {
			isa = PBXSourcesBuildPhase;
			buildActionMask = 2147483647;
			files = (
				5A12405D269D187D00E45FFB /* ContentView.swift in Sources */,
				5AA67657269D58BD0075C743 /* QueryView.swift in Sources */,
				5AA67659269D593B0075C743 /* MockInstrument.swift in Sources */,
				5AB2C061269D88B200952B86 /* InstrumentAttributeEditor.swift in Sources */,
				5AB2C063269D94B600952B86 /* StringEscaping.swift in Sources */,
				5A12405B269D187D00E45FFB /* SwiftVISAMessengerApp.swift in Sources */,
			);
			runOnlyForDeploymentPostprocessing = 0;
		};
		5A124063269D187E00E45FFB /* Sources */ = {
			isa = PBXSourcesBuildPhase;
			buildActionMask = 2147483647;
			files = (
				5A12406C269D187E00E45FFB /* SwiftVISAMessengerTests.swift in Sources */,
			);
			runOnlyForDeploymentPostprocessing = 0;
		};
		5A12406D269D187E00E45FFB /* Sources */ = {
			isa = PBXSourcesBuildPhase;
			buildActionMask = 2147483647;
			files = (
				5A124076269D187E00E45FFB /* SwiftVISAMessengerUITests.swift in Sources */,
			);
			runOnlyForDeploymentPostprocessing = 0;
		};
/* End PBXSourcesBuildPhase section */

/* Begin PBXTargetDependency section */
		5A124069269D187E00E45FFB /* PBXTargetDependency */ = {
			isa = PBXTargetDependency;
			target = 5A124056269D187D00E45FFB /* SwiftVISAMessenger */;
			targetProxy = 5A124068269D187E00E45FFB /* PBXContainerItemProxy */;
		};
		5A124073269D187E00E45FFB /* PBXTargetDependency */ = {
			isa = PBXTargetDependency;
			target = 5A124056269D187D00E45FFB /* SwiftVISAMessenger */;
			targetProxy = 5A124072269D187E00E45FFB /* PBXContainerItemProxy */;
		};
/* End PBXTargetDependency section */

/* Begin XCBuildConfiguration section */
		5A124077269D187E00E45FFB /* Debug */ = {
			isa = XCBuildConfiguration;
			buildSettings = {
				ALWAYS_SEARCH_USER_PATHS = NO;
				CLANG_ANALYZER_NONNULL = YES;
				CLANG_ANALYZER_NUMBER_OBJECT_CONVERSION = YES_AGGRESSIVE;
				CLANG_CXX_LANGUAGE_STANDARD = "gnu++14";
				CLANG_CXX_LIBRARY = "libc++";
				CLANG_ENABLE_MODULES = YES;
				CLANG_ENABLE_OBJC_ARC = YES;
				CLANG_ENABLE_OBJC_WEAK = YES;
				CLANG_WARN_BLOCK_CAPTURE_AUTORELEASING = YES;
				CLANG_WARN_BOOL_CONVERSION = YES;
				CLANG_WARN_COMMA = YES;
				CLANG_WARN_CONSTANT_CONVERSION = YES;
				CLANG_WARN_DEPRECATED_OBJC_IMPLEMENTATIONS = YES;
				CLANG_WARN_DIRECT_OBJC_ISA_USAGE = YES_ERROR;
				CLANG_WARN_DOCUMENTATION_COMMENTS = YES;
				CLANG_WARN_EMPTY_BODY = YES;
				CLANG_WARN_ENUM_CONVERSION = YES;
				CLANG_WARN_INFINITE_RECURSION = YES;
				CLANG_WARN_INT_CONVERSION = YES;
				CLANG_WARN_NON_LITERAL_NULL_CONVERSION = YES;
				CLANG_WARN_OBJC_IMPLICIT_RETAIN_SELF = YES;
				CLANG_WARN_OBJC_LITERAL_CONVERSION = YES;
				CLANG_WARN_OBJC_ROOT_CLASS = YES_ERROR;
				CLANG_WARN_QUOTED_INCLUDE_IN_FRAMEWORK_HEADER = YES;
				CLANG_WARN_RANGE_LOOP_ANALYSIS = YES;
				CLANG_WARN_STRICT_PROTOTYPES = YES;
				CLANG_WARN_SUSPICIOUS_MOVE = YES;
				CLANG_WARN_UNGUARDED_AVAILABILITY = YES_AGGRESSIVE;
				CLANG_WARN_UNREACHABLE_CODE = YES;
				CLANG_WARN__DUPLICATE_METHOD_MATCH = YES;
				COPY_PHASE_STRIP = NO;
				DEBUG_INFORMATION_FORMAT = dwarf;
				ENABLE_STRICT_OBJC_MSGSEND = YES;
				ENABLE_TESTABILITY = YES;
				GCC_C_LANGUAGE_STANDARD = gnu11;
				GCC_DYNAMIC_NO_PIC = NO;
				GCC_NO_COMMON_BLOCKS = YES;
				GCC_OPTIMIZATION_LEVEL = 0;
				GCC_PREPROCESSOR_DEFINITIONS = (
					"DEBUG=1",
					"$(inherited)",
				);
				GCC_WARN_64_TO_32_BIT_CONVERSION = YES;
				GCC_WARN_ABOUT_RETURN_TYPE = YES_ERROR;
				GCC_WARN_UNDECLARED_SELECTOR = YES;
				GCC_WARN_UNINITIALIZED_AUTOS = YES_AGGRESSIVE;
				GCC_WARN_UNUSED_FUNCTION = YES;
				GCC_WARN_UNUSED_VARIABLE = YES;
				MACOSX_DEPLOYMENT_TARGET = 12.0;
				MTL_ENABLE_DEBUG_INFO = INCLUDE_SOURCE;
				MTL_FAST_MATH = YES;
				ONLY_ACTIVE_ARCH = YES;
				SDKROOT = macosx;
				SWIFT_ACTIVE_COMPILATION_CONDITIONS = DEBUG;
				SWIFT_OPTIMIZATION_LEVEL = "-Onone";
			};
			name = Debug;
		};
		5A124078269D187E00E45FFB /* Release */ = {
			isa = XCBuildConfiguration;
			buildSettings = {
				ALWAYS_SEARCH_USER_PATHS = NO;
				CLANG_ANALYZER_NONNULL = YES;
				CLANG_ANALYZER_NUMBER_OBJECT_CONVERSION = YES_AGGRESSIVE;
				CLANG_CXX_LANGUAGE_STANDARD = "gnu++14";
				CLANG_CXX_LIBRARY = "libc++";
				CLANG_ENABLE_MODULES = YES;
				CLANG_ENABLE_OBJC_ARC = YES;
				CLANG_ENABLE_OBJC_WEAK = YES;
				CLANG_WARN_BLOCK_CAPTURE_AUTORELEASING = YES;
				CLANG_WARN_BOOL_CONVERSION = YES;
				CLANG_WARN_COMMA = YES;
				CLANG_WARN_CONSTANT_CONVERSION = YES;
				CLANG_WARN_DEPRECATED_OBJC_IMPLEMENTATIONS = YES;
				CLANG_WARN_DIRECT_OBJC_ISA_USAGE = YES_ERROR;
				CLANG_WARN_DOCUMENTATION_COMMENTS = YES;
				CLANG_WARN_EMPTY_BODY = YES;
				CLANG_WARN_ENUM_CONVERSION = YES;
				CLANG_WARN_INFINITE_RECURSION = YES;
				CLANG_WARN_INT_CONVERSION = YES;
				CLANG_WARN_NON_LITERAL_NULL_CONVERSION = YES;
				CLANG_WARN_OBJC_IMPLICIT_RETAIN_SELF = YES;
				CLANG_WARN_OBJC_LITERAL_CONVERSION = YES;
				CLANG_WARN_OBJC_ROOT_CLASS = YES_ERROR;
				CLANG_WARN_QUOTED_INCLUDE_IN_FRAMEWORK_HEADER = YES;
				CLANG_WARN_RANGE_LOOP_ANALYSIS = YES;
				CLANG_WARN_STRICT_PROTOTYPES = YES;
				CLANG_WARN_SUSPICIOUS_MOVE = YES;
				CLANG_WARN_UNGUARDED_AVAILABILITY = YES_AGGRESSIVE;
				CLANG_WARN_UNREACHABLE_CODE = YES;
				CLANG_WARN__DUPLICATE_METHOD_MATCH = YES;
				COPY_PHASE_STRIP = NO;
				DEBUG_INFORMATION_FORMAT = "dwarf-with-dsym";
				ENABLE_NS_ASSERTIONS = NO;
				ENABLE_STRICT_OBJC_MSGSEND = YES;
				GCC_C_LANGUAGE_STANDARD = gnu11;
				GCC_NO_COMMON_BLOCKS = YES;
				GCC_WARN_64_TO_32_BIT_CONVERSION = YES;
				GCC_WARN_ABOUT_RETURN_TYPE = YES_ERROR;
				GCC_WARN_UNDECLARED_SELECTOR = YES;
				GCC_WARN_UNINITIALIZED_AUTOS = YES_AGGRESSIVE;
				GCC_WARN_UNUSED_FUNCTION = YES;
				GCC_WARN_UNUSED_VARIABLE = YES;
				MACOSX_DEPLOYMENT_TARGET = 12.0;
				MTL_ENABLE_DEBUG_INFO = NO;
				MTL_FAST_MATH = YES;
				SDKROOT = macosx;
				SWIFT_COMPILATION_MODE = wholemodule;
				SWIFT_OPTIMIZATION_LEVEL = "-O";
			};
			name = Release;
		};
		5A12407A269D187E00E45FFB /* Debug */ = {
			isa = XCBuildConfiguration;
			buildSettings = {
				ASSETCATALOG_COMPILER_APPICON_NAME = AppIcon;
				ASSETCATALOG_COMPILER_GLOBAL_ACCENT_COLOR_NAME = AccentColor;
				CODE_SIGN_ENTITLEMENTS = SwiftVISAMessenger/SwiftVISAMessenger.entitlements;
				CODE_SIGN_STYLE = Automatic;
				COMBINE_HIDPI_IMAGES = YES;
				CURRENT_PROJECT_VERSION = 1;
				DEVELOPMENT_ASSET_PATHS = "\"SwiftVISAMessenger/Preview Content\"";
				DEVELOPMENT_TEAM = 3ER597LK99;
				ENABLE_APP_SANDBOX = YES;
				ENABLE_HARDENED_RUNTIME = YES;
				ENABLE_PREVIEWS = YES;
				ENABLE_USER_SELECTED_FILES = readonly;
				GENERATE_INFOPLIST_FILE = YES;
				INFOPLIST_FILE = SwiftVISAMessenger/Info.plist;
				INFOPLIST_KEY_CFBundleExecutable = SwiftVISAMessenger;
				INFOPLIST_KEY_CFBundleName = SwiftVISAMessenger;
				INFOPLIST_KEY_CFBundleVersion = 1;
				INFOPLIST_KEY_NSHumanReadableCopyright = "";
				LD_RUNPATH_SEARCH_PATHS = (
					"$(inherited)",
					"@executable_path/../Frameworks",
				);
				MACOSX_DEPLOYMENT_TARGET = 12.0;
				MARKETING_VERSION = 1.0;
				PRODUCT_BUNDLE_IDENTIFIER = com.connorbarnes.SwiftVISAMessenger;
				PRODUCT_NAME = "$(TARGET_NAME)";
				SWIFT_EMIT_LOC_STRINGS = YES;
				SWIFT_VERSION = 5.0;
			};
			name = Debug;
		};
		5A12407B269D187E00E45FFB /* Release */ = {
			isa = XCBuildConfiguration;
			buildSettings = {
				ASSETCATALOG_COMPILER_APPICON_NAME = AppIcon;
				ASSETCATALOG_COMPILER_GLOBAL_ACCENT_COLOR_NAME = AccentColor;
				CODE_SIGN_ENTITLEMENTS = SwiftVISAMessenger/SwiftVISAMessenger.entitlements;
				CODE_SIGN_STYLE = Automatic;
				COMBINE_HIDPI_IMAGES = YES;
				CURRENT_PROJECT_VERSION = 1;
				DEVELOPMENT_ASSET_PATHS = "\"SwiftVISAMessenger/Preview Content\"";
				DEVELOPMENT_TEAM = 3ER597LK99;
				ENABLE_APP_SANDBOX = YES;
				ENABLE_HARDENED_RUNTIME = YES;
				ENABLE_PREVIEWS = YES;
				ENABLE_USER_SELECTED_FILES = readonly;
				GENERATE_INFOPLIST_FILE = YES;
				INFOPLIST_FILE = SwiftVISAMessenger/Info.plist;
				INFOPLIST_KEY_CFBundleExecutable = SwiftVISAMessenger;
				INFOPLIST_KEY_CFBundleName = SwiftVISAMessenger;
				INFOPLIST_KEY_CFBundleVersion = 1;
				INFOPLIST_KEY_NSHumanReadableCopyright = "";
				LD_RUNPATH_SEARCH_PATHS = (
					"$(inherited)",
					"@executable_path/../Frameworks",
				);
				MACOSX_DEPLOYMENT_TARGET = 12.0;
				MARKETING_VERSION = 1.0;
				PRODUCT_BUNDLE_IDENTIFIER = com.connorbarnes.SwiftVISAMessenger;
				PRODUCT_NAME = "$(TARGET_NAME)";
				SWIFT_EMIT_LOC_STRINGS = YES;
				SWIFT_VERSION = 5.0;
			};
			name = Release;
		};
		5A12407D269D187E00E45FFB /* Debug */ = {
			isa = XCBuildConfiguration;
			buildSettings = {
				ALWAYS_EMBED_SWIFT_STANDARD_LIBRARIES = YES;
				BUNDLE_LOADER = "$(TEST_HOST)";
				CODE_SIGN_STYLE = Automatic;
				COMBINE_HIDPI_IMAGES = YES;
				CURRENT_PROJECT_VERSION = 1;
				DEVELOPMENT_TEAM = 3ER597LK99;
				GENERATE_INFOPLIST_FILE = YES;
				LD_RUNPATH_SEARCH_PATHS = (
					"$(inherited)",
					"@executable_path/../Frameworks",
					"@loader_path/../Frameworks",
				);
				MACOSX_DEPLOYMENT_TARGET = 12.0;
				MARKETING_VERSION = 1.0;
				PRODUCT_BUNDLE_IDENTIFIER = com.connorbarnes.SwiftVISAMessengerTests;
				PRODUCT_NAME = "$(TARGET_NAME)";
				SWIFT_EMIT_LOC_STRINGS = NO;
				SWIFT_VERSION = 5.0;
				TEST_HOST = "$(BUILT_PRODUCTS_DIR)/SwiftVISAMessenger.app/Contents/MacOS/SwiftVISAMessenger";
			};
			name = Debug;
		};
		5A12407E269D187E00E45FFB /* Release */ = {
			isa = XCBuildConfiguration;
			buildSettings = {
				ALWAYS_EMBED_SWIFT_STANDARD_LIBRARIES = YES;
				BUNDLE_LOADER = "$(TEST_HOST)";
				CODE_SIGN_STYLE = Automatic;
				COMBINE_HIDPI_IMAGES = YES;
				CURRENT_PROJECT_VERSION = 1;
				DEVELOPMENT_TEAM = 3ER597LK99;
				GENERATE_INFOPLIST_FILE = YES;
				LD_RUNPATH_SEARCH_PATHS = (
					"$(inherited)",
					"@executable_path/../Frameworks",
					"@loader_path/../Frameworks",
				);
				MACOSX_DEPLOYMENT_TARGET = 12.0;
				MARKETING_VERSION = 1.0;
				PRODUCT_BUNDLE_IDENTIFIER = com.connorbarnes.SwiftVISAMessengerTests;
				PRODUCT_NAME = "$(TARGET_NAME)";
				SWIFT_EMIT_LOC_STRINGS = NO;
				SWIFT_VERSION = 5.0;
				TEST_HOST = "$(BUILT_PRODUCTS_DIR)/SwiftVISAMessenger.app/Contents/MacOS/SwiftVISAMessenger";
			};
			name = Release;
		};
		5A124080269D187E00E45FFB /* Debug */ = {
			isa = XCBuildConfiguration;
			buildSettings = {
				ALWAYS_EMBED_SWIFT_STANDARD_LIBRARIES = YES;
				CODE_SIGN_STYLE = Automatic;
				COMBINE_HIDPI_IMAGES = YES;
				CURRENT_PROJECT_VERSION = 1;
				DEVELOPMENT_TEAM = 3ER597LK99;
				GENERATE_INFOPLIST_FILE = YES;
				LD_RUNPATH_SEARCH_PATHS = (
					"$(inherited)",
					"@executable_path/../Frameworks",
					"@loader_path/../Frameworks",
				);
				MARKETING_VERSION = 1.0;
				PRODUCT_BUNDLE_IDENTIFIER = com.connorbarnes.SwiftVISAMessengerUITests;
				PRODUCT_NAME = "$(TARGET_NAME)";
				SWIFT_EMIT_LOC_STRINGS = NO;
				SWIFT_VERSION = 5.0;
				TEST_TARGET_NAME = SwiftVISAMessenger;
			};
			name = Debug;
		};
		5A124081269D187E00E45FFB /* Release */ = {
			isa = XCBuildConfiguration;
			buildSettings = {
				ALWAYS_EMBED_SWIFT_STANDARD_LIBRARIES = YES;
				CODE_SIGN_STYLE = Automatic;
				COMBINE_HIDPI_IMAGES = YES;
				CURRENT_PROJECT_VERSION = 1;
				DEVELOPMENT_TEAM = 3ER597LK99;
				GENERATE_INFOPLIST_FILE = YES;
				LD_RUNPATH_SEARCH_PATHS = (
					"$(inherited)",
					"@executable_path/../Frameworks",
					"@loader_path/../Frameworks",
				);
				MARKETING_VERSION = 1.0;
				PRODUCT_BUNDLE_IDENTIFIER = com.connorbarnes.SwiftVISAMessengerUITests;
				PRODUCT_NAME = "$(TARGET_NAME)";
				SWIFT_EMIT_LOC_STRINGS = NO;
				SWIFT_VERSION = 5.0;
				TEST_TARGET_NAME = SwiftVISAMessenger;
			};
			name = Release;
		};
/* End XCBuildConfiguration section */

/* Begin XCConfigurationList section */
		5A124052269D187C00E45FFB /* Build configuration list for PBXProject "SwiftVISAMessenger" */ = {
			isa = XCConfigurationList;
			buildConfigurations = (
				5A124077269D187E00E45FFB /* Debug */,
				5A124078269D187E00E45FFB /* Release */,
			);
			defaultConfigurationIsVisible = 0;
			defaultConfigurationName = Release;
		};
		5A124079269D187E00E45FFB /* Build configuration list for PBXNativeTarget "SwiftVISAMessenger" */ = {
			isa = XCConfigurationList;
			buildConfigurations = (
				5A12407A269D187E00E45FFB /* Debug */,
				5A12407B269D187E00E45FFB /* Release */,
			);
			defaultConfigurationIsVisible = 0;
			defaultConfigurationName = Release;
		};
		5A12407C269D187E00E45FFB /* Build configuration list for PBXNativeTarget "SwiftVISAMessengerTests" */ = {
			isa = XCConfigurationList;
			buildConfigurations = (
				5A12407D269D187E00E45FFB /* Debug */,
				5A12407E269D187E00E45FFB /* Release */,
			);
			defaultConfigurationIsVisible = 0;
			defaultConfigurationName = Release;
		};
		5A12407F269D187E00E45FFB /* Build configuration list for PBXNativeTarget "SwiftVISAMessengerUITests" */ = {
			isa = XCConfigurationList;
			buildConfigurations = (
				5A124080269D187E00E45FFB /* Debug */,
				5A124081269D187E00E45FFB /* Release */,
			);
			defaultConfigurationIsVisible = 0;
			defaultConfigurationName = Release;
		};
/* End XCConfigurationList section */

/* Begin XCRemoteSwiftPackageReference section */
		5A124082269D19B600E45FFB /* XCRemoteSwiftPackageReference "SwiftVISASwift" */ = {
			isa = XCRemoteSwiftPackageReference;
			repositoryURL = "https://github.com/SwiftVISA/SwiftVISASwift.git";
			requirement = {
				branch = actor;
				kind = branch;
			};
		};
		5AA67653269D45690075C743 /* XCRemoteSwiftPackageReference "SeeayaUI" */ = {
			isa = XCRemoteSwiftPackageReference;
			repositoryURL = "https://github.com/seeaya/SeeayaUI.git";
			requirement = {
				kind = upToNextMajorVersion;
				minimumVersion = 1.0.0;
			};
		};
/* End XCRemoteSwiftPackageReference section */

/* Begin XCSwiftPackageProductDependency section */
		5A124083269D19B600E45FFB /* SwiftVISASwift */ = {
			isa = XCSwiftPackageProductDependency;
			package = 5A124082269D19B600E45FFB /* XCRemoteSwiftPackageReference "SwiftVISASwift" */;
			productName = SwiftVISASwift;
		};
		5AA67654269D45690075C743 /* SeeayaUI */ = {
			isa = XCSwiftPackageProductDependency;
			package = 5AA67653269D45690075C743 /* XCRemoteSwiftPackageReference "SeeayaUI" */;
			productName = SeeayaUI;
		};
/* End XCSwiftPackageProductDependency section */
	};
	rootObject = 5A12404F269D187C00E45FFB /* Project object */;
}
